<?xml version="1.0" encoding="UTF-8"?>
<!DOCTYPE plist PUBLIC "-//Apple//DTD PLIST 1.0//EN" "http://www.apple.com/DTDs/PropertyList-1.0.dtd">
<plist version="1.0">
<dict>
	<key>archiveVersion</key>
	<string>1</string>
	<key>classes</key>
	<dict/>
	<key>objectVersion</key>
	<string>46</string>
	<key>objects</key>
	<dict>
		<key>1BA101E97FC3B4F2EB18C9BA</key>
		<dict>
			<key>children</key>
			<array>
				<string>99654BB31E0B627BC9D8915D</string>
			</array>
			<key>isa</key>
			<string>PBXGroup</string>
			<key>name</key>
			<string>Frameworks</string>
			<key>sourceTree</key>
			<string>&lt;group&gt;</string>
		</dict>
		<key>35C7B21F222B8EAA11E3961F</key>
		<dict>
			<key>includeInIndex</key>
			<string>1</string>
			<key>isa</key>
			<string>PBXFileReference</string>
			<key>lastKnownFileType</key>
			<string>text.xcconfig</string>
			<key>name</key>
			<string>Pods-Planet Tour.debug.xcconfig</string>
			<key>path</key>
			<string>Pods/Target Support Files/Pods-Planet Tour/Pods-Planet Tour.debug.xcconfig</string>
			<key>sourceTree</key>
			<string>&lt;group&gt;</string>
		</dict>
		<key>495915E71D00F68300CDFD8B</key>
		<dict>
			<key>fileEncoding</key>
			<string>4</string>
			<key>isa</key>
			<string>PBXFileReference</string>
			<key>lastKnownFileType</key>
			<string>sourcecode.swift</string>
			<key>path</key>
			<string>CrossfadeSegue.swift</string>
			<key>sourceTree</key>
			<string>&lt;group&gt;</string>
		</dict>
		<key>495915E81D00F68300CDFD8B</key>
		<dict>
			<key>fileRef</key>
			<string>495915E71D00F68300CDFD8B</string>
			<key>isa</key>
			<string>PBXBuildFile</string>
		</dict>
		<key>496480681CF62CB100AB23CD</key>
		<dict>
			<key>fileEncoding</key>
			<string>4</string>
			<key>isa</key>
			<string>PBXFileReference</string>
			<key>lastKnownFileType</key>
			<string>sourcecode.swift</string>
			<key>path</key>
			<string>ContainerViewController.swift</string>
			<key>sourceTree</key>
			<string>&lt;group&gt;</string>
		</dict>
		<key>496480691CF62CB100AB23CD</key>
		<dict>
			<key>fileRef</key>
			<string>496480681CF62CB100AB23CD</string>
			<key>isa</key>
			<string>PBXBuildFile</string>
		</dict>
		<key>4964806A1CF62D1C00AB23CD</key>
		<dict>
			<key>fileEncoding</key>
			<string>4</string>
			<key>isa</key>
			<string>PBXFileReference</string>
			<key>lastKnownFileType</key>
			<string>sourcecode.swift</string>
			<key>path</key>
			<string>GetNewsletterViewController.swift</string>
			<key>sourceTree</key>
			<string>&lt;group&gt;</string>
		</dict>
		<key>4964806B1CF62D1C00AB23CD</key>
		<dict>
			<key>fileRef</key>
			<string>4964806A1CF62D1C00AB23CD</string>
			<key>isa</key>
			<string>PBXBuildFile</string>
		</dict>
		<key>497FDCC01CFE7A020016441E</key>
		<dict>
			<key>fileEncoding</key>
			<string>4</string>
			<key>isa</key>
			<string>PBXFileReference</string>
			<key>lastKnownFileType</key>
			<string>sourcecode.swift</string>
			<key>path</key>
			<string>WaitingViewController.swift</string>
			<key>sourceTree</key>
			<string>&lt;group&gt;</string>
		</dict>
		<key>497FDCC11CFE7A020016441E</key>
		<dict>
			<key>fileRef</key>
			<string>497FDCC01CFE7A020016441E</string>
			<key>isa</key>
			<string>PBXBuildFile</string>
		</dict>
		<key>49923F141CF3C4310064A124</key>
		<dict>
			<key>children</key>
			<array>
				<string>49C83E6F1CF89A6700B80E52</string>
				<string>49923F1F1CF3C4320064A124</string>
				<string>49923F1E1CF3C4310064A124</string>
				<string>D69A81460E4603443DE65FF9</string>
				<string>1BA101E97FC3B4F2EB18C9BA</string>
			</array>
			<key>indentWidth</key>
			<string>2</string>
			<key>isa</key>
			<string>PBXGroup</string>
			<key>sourceTree</key>
			<string>&lt;group&gt;</string>
			<key>tabWidth</key>
			<string>2</string>
		</dict>
		<key>49923F151CF3C4310064A124</key>
		<dict>
			<key>attributes</key>
			<dict>
				<key>LastSwiftUpdateCheck</key>
				<string>0730</string>
				<key>LastUpgradeCheck</key>
				<string>0820</string>
				<key>ORGANIZATIONNAME</key>
				<string>Razeware</string>
				<key>TargetAttributes</key>
				<dict>
					<key>49923F1C1CF3C4310064A124</key>
					<dict>
						<key>CreatedOnToolsVersion</key>
						<string>7.3</string>
						<key>LastSwiftMigration</key>
						<string>0800</string>
					</dict>
				</dict>
			</dict>
			<key>buildConfigurationList</key>
			<string>49923F181CF3C4310064A124</string>
			<key>compatibilityVersion</key>
			<string>Xcode 3.2</string>
			<key>developmentRegion</key>
			<string>English</string>
			<key>hasScannedForEncodings</key>
			<string>0</string>
			<key>isa</key>
			<string>PBXProject</string>
			<key>knownRegions</key>
			<array>
				<string>en</string>
				<string>Base</string>
			</array>
			<key>mainGroup</key>
			<string>49923F141CF3C4310064A124</string>
			<key>productRefGroup</key>
			<string>49923F1E1CF3C4310064A124</string>
			<key>projectDirPath</key>
			<string></string>
			<key>projectReferences</key>
			<array/>
			<key>projectRoot</key>
			<string></string>
			<key>targets</key>
			<array>
				<string>49923F1C1CF3C4310064A124</string>
			</array>
		</dict>
		<key>49923F181CF3C4310064A124</key>
		<dict>
			<key>buildConfigurations</key>
			<array>
				<string>49923F2D1CF3C4320064A124</string>
				<string>49923F2E1CF3C4320064A124</string>
			</array>
			<key>defaultConfigurationIsVisible</key>
			<string>0</string>
			<key>defaultConfigurationName</key>
			<string>Release</string>
			<key>isa</key>
			<string>XCConfigurationList</string>
		</dict>
		<key>49923F191CF3C4310064A124</key>
		<dict>
			<key>buildActionMask</key>
			<string>2147483647</string>
			<key>files</key>
			<array>
				<string>4964806B1CF62D1C00AB23CD</string>
				<string>49923F361CF3C4FD0064A124</string>
				<string>497FDCC11CFE7A020016441E</string>
				<string>49923F4B1CF4BECC0064A124</string>
				<string>496480691CF62CB100AB23CD</string>
				<string>49A83DD91D2E47000082ADA8</string>
				<string>49923F331CF3C4C60064A124</string>
				<string>49C83E6E1CF89A1F00B80E52</string>
				<string>49923F381CF3C6720064A124</string>
				<string>49923F4D1CF4E8710064A124</string>
				<string>499C8A281D122C0E00742186</string>
				<string>49923F211CF3C4320064A124</string>
				<string>495915E81D00F68300CDFD8B</string>
				<string>49C83E721CF8A51700B80E52</string>
			</array>
			<key>isa</key>
			<string>PBXSourcesBuildPhase</string>
			<key>runOnlyForDeploymentPostprocessing</key>
			<string>0</string>
		</dict>
		<key>49923F1A1CF3C4310064A124</key>
		<dict>
			<key>buildActionMask</key>
			<string>2147483647</string>
			<key>files</key>
			<array>
				<string>54EA7265618F4817CE091DD3</string>
			</array>
			<key>isa</key>
			<string>PBXFrameworksBuildPhase</string>
			<key>runOnlyForDeploymentPostprocessing</key>
			<string>0</string>
		</dict>
		<key>49923F1B1CF3C4310064A124</key>
		<dict>
			<key>buildActionMask</key>
			<string>2147483647</string>
			<key>files</key>
			<array>
				<string>49C83E701CF89A6700B80E52</string>
				<string>49923F2B1CF3C4320064A124</string>
				<string>49C83E741CF8B29C00B80E52</string>
				<string>49923F281CF3C4320064A124</string>
				<string>49923F261CF3C4320064A124</string>
				<string>5BB205161E0A38B0003C1033</string>
			</array>
			<key>isa</key>
			<string>PBXResourcesBuildPhase</string>
			<key>runOnlyForDeploymentPostprocessing</key>
			<string>0</string>
		</dict>
		<key>49923F1C1CF3C4310064A124</key>
		<dict>
			<key>buildConfigurationList</key>
			<string>49923F2F1CF3C4320064A124</string>
			<key>buildPhases</key>
			<array>
				<string>D90ABCBB611916B1714912DF</string>
				<string>49923F191CF3C4310064A124</string>
				<string>49923F1A1CF3C4310064A124</string>
				<string>49923F1B1CF3C4310064A124</string>
				<string>DE933BF76DD0651EAC2D314D</string>
				<string>D2C09EBBD91832CDCC869E43</string>
			</array>
			<key>buildRules</key>
			<array/>
			<key>dependencies</key>
			<array/>
			<key>isa</key>
			<string>PBXNativeTarget</string>
			<key>name</key>
			<string>Planet Tour</string>
			<key>productName</key>
			<string>Planet Tour</string>
			<key>productReference</key>
			<string>49923F1D1CF3C4310064A124</string>
			<key>productType</key>
			<string>com.apple.product-type.application</string>
		</dict>
		<key>49923F1D1CF3C4310064A124</key>
		<dict>
			<key>explicitFileType</key>
			<string>wrapper.application</string>
			<key>includeInIndex</key>
			<string>0</string>
			<key>isa</key>
			<string>PBXFileReference</string>
			<key>path</key>
			<string>Planet Tour.app</string>
			<key>sourceTree</key>
			<string>BUILT_PRODUCTS_DIR</string>
		</dict>
		<key>49923F1E1CF3C4310064A124</key>
		<dict>
			<key>children</key>
			<array>
				<string>49923F1D1CF3C4310064A124</string>
			</array>
			<key>isa</key>
			<string>PBXGroup</string>
			<key>name</key>
			<string>Products</string>
			<key>sourceTree</key>
			<string>&lt;group&gt;</string>
		</dict>
		<key>49923F1F1CF3C4320064A124</key>
		<dict>
			<key>children</key>
			<array>
				<string>5BB205151E0A38B0003C1033</string>
				<string>49C83E751CF8B41C00B80E52</string>
				<string>49C83E761CF8C00200B80E52</string>
				<string>49C83E6C1CF899FD00B80E52</string>
				<string>49923F341CF3C4DC0064A124</string>
				<string>49923F201CF3C4320064A124</string>
				<string>49923F241CF3C4320064A124</string>
				<string>49923F271CF3C4320064A124</string>
				<string>49C83E731CF8B29C00B80E52</string>
				<string>49923F291CF3C4320064A124</string>
				<string>49923F2C1CF3C4320064A124</string>
			</array>
			<key>isa</key>
			<string>PBXGroup</string>
			<key>path</key>
			<string>Planet Tour</string>
			<key>sourceTree</key>
			<string>&lt;group&gt;</string>
		</dict>
		<key>49923F201CF3C4320064A124</key>
		<dict>
			<key>isa</key>
			<string>PBXFileReference</string>
			<key>lastKnownFileType</key>
			<string>sourcecode.swift</string>
			<key>path</key>
			<string>AppDelegate.swift</string>
			<key>sourceTree</key>
			<string>&lt;group&gt;</string>
		</dict>
		<key>49923F211CF3C4320064A124</key>
		<dict>
			<key>fileRef</key>
			<string>49923F201CF3C4320064A124</string>
			<key>isa</key>
			<string>PBXBuildFile</string>
		</dict>
		<key>49923F241CF3C4320064A124</key>
		<dict>
			<key>children</key>
			<array>
				<string>49923F251CF3C4320064A124</string>
			</array>
			<key>isa</key>
			<string>PBXVariantGroup</string>
			<key>name</key>
			<string>Main.storyboard</string>
			<key>sourceTree</key>
			<string>&lt;group&gt;</string>
		</dict>
		<key>49923F251CF3C4320064A124</key>
		<dict>
			<key>isa</key>
			<string>PBXFileReference</string>
			<key>lastKnownFileType</key>
			<string>file.storyboard</string>
			<key>name</key>
			<string>Base</string>
			<key>path</key>
			<string>Base.lproj/Main.storyboard</string>
			<key>sourceTree</key>
			<string>&lt;group&gt;</string>
		</dict>
		<key>49923F261CF3C4320064A124</key>
		<dict>
			<key>fileRef</key>
			<string>49923F241CF3C4320064A124</string>
			<key>isa</key>
			<string>PBXBuildFile</string>
		</dict>
		<key>49923F271CF3C4320064A124</key>
		<dict>
			<key>isa</key>
			<string>PBXFileReference</string>
			<key>lastKnownFileType</key>
			<string>folder.assetcatalog</string>
			<key>path</key>
			<string>Assets.xcassets</string>
			<key>sourceTree</key>
			<string>&lt;group&gt;</string>
		</dict>
		<key>49923F281CF3C4320064A124</key>
		<dict>
			<key>fileRef</key>
			<string>49923F271CF3C4320064A124</string>
			<key>isa</key>
			<string>PBXBuildFile</string>
		</dict>
		<key>49923F291CF3C4320064A124</key>
		<dict>
			<key>children</key>
			<array>
				<string>49923F2A1CF3C4320064A124</string>
			</array>
			<key>isa</key>
			<string>PBXVariantGroup</string>
			<key>name</key>
			<string>LaunchScreen.storyboard</string>
			<key>sourceTree</key>
			<string>&lt;group&gt;</string>
		</dict>
		<key>49923F2A1CF3C4320064A124</key>
		<dict>
			<key>isa</key>
			<string>PBXFileReference</string>
			<key>lastKnownFileType</key>
			<string>file.storyboard</string>
			<key>name</key>
			<string>Base</string>
			<key>path</key>
			<string>Base.lproj/LaunchScreen.storyboard</string>
			<key>sourceTree</key>
			<string>&lt;group&gt;</string>
		</dict>
		<key>49923F2B1CF3C4320064A124</key>
		<dict>
			<key>fileRef</key>
			<string>49923F291CF3C4320064A124</string>
			<key>isa</key>
			<string>PBXBuildFile</string>
		</dict>
		<key>49923F2C1CF3C4320064A124</key>
		<dict>
			<key>isa</key>
			<string>PBXFileReference</string>
			<key>lastKnownFileType</key>
			<string>text.plist.xml</string>
			<key>path</key>
			<string>Info.plist</string>
			<key>sourceTree</key>
			<string>&lt;group&gt;</string>
		</dict>
		<key>49923F2D1CF3C4320064A124</key>
		<dict>
			<key>buildSettings</key>
			<dict>
				<key>ALWAYS_SEARCH_USER_PATHS</key>
				<string>NO</string>
				<key>CLANG_ANALYZER_NONNULL</key>
				<string>YES</string>
				<key>CLANG_CXX_LANGUAGE_STANDARD</key>
				<string>gnu++0x</string>
				<key>CLANG_CXX_LIBRARY</key>
				<string>libc++</string>
				<key>CLANG_ENABLE_MODULES</key>
				<string>YES</string>
				<key>CLANG_ENABLE_OBJC_ARC</key>
				<string>YES</string>
				<key>CLANG_WARN_BOOL_CONVERSION</key>
				<string>YES</string>
				<key>CLANG_WARN_CONSTANT_CONVERSION</key>
				<string>YES</string>
				<key>CLANG_WARN_DIRECT_OBJC_ISA_USAGE</key>
				<string>YES_ERROR</string>
				<key>CLANG_WARN_EMPTY_BODY</key>
				<string>YES</string>
				<key>CLANG_WARN_ENUM_CONVERSION</key>
				<string>YES</string>
				<key>CLANG_WARN_INFINITE_RECURSION</key>
				<string>YES</string>
				<key>CLANG_WARN_INT_CONVERSION</key>
				<string>YES</string>
				<key>CLANG_WARN_OBJC_ROOT_CLASS</key>
				<string>YES_ERROR</string>
				<key>CLANG_WARN_SUSPICIOUS_MOVE</key>
				<string>YES</string>
				<key>CLANG_WARN_UNREACHABLE_CODE</key>
				<string>YES</string>
				<key>CLANG_WARN__DUPLICATE_METHOD_MATCH</key>
				<string>YES</string>
				<key>CODE_SIGN_IDENTITY[sdk=iphoneos*]</key>
				<string>iPhone Developer</string>
				<key>COPY_PHASE_STRIP</key>
				<string>NO</string>
				<key>DEBUG_INFORMATION_FORMAT</key>
				<string>dwarf</string>
				<key>ENABLE_STRICT_OBJC_MSGSEND</key>
				<string>YES</string>
				<key>ENABLE_TESTABILITY</key>
				<string>YES</string>
				<key>GCC_C_LANGUAGE_STANDARD</key>
				<string>gnu99</string>
				<key>GCC_DYNAMIC_NO_PIC</key>
				<string>NO</string>
				<key>GCC_NO_COMMON_BLOCKS</key>
				<string>YES</string>
				<key>GCC_OPTIMIZATION_LEVEL</key>
				<string>0</string>
				<key>GCC_PREPROCESSOR_DEFINITIONS</key>
				<array>
					<string>DEBUG=1</string>
					<string>$(inherited)</string>
				</array>
				<key>GCC_WARN_64_TO_32_BIT_CONVERSION</key>
				<string>YES</string>
				<key>GCC_WARN_ABOUT_RETURN_TYPE</key>
				<string>YES_ERROR</string>
				<key>GCC_WARN_UNDECLARED_SELECTOR</key>
				<string>YES</string>
				<key>GCC_WARN_UNINITIALIZED_AUTOS</key>
				<string>YES_AGGRESSIVE</string>
				<key>GCC_WARN_UNUSED_FUNCTION</key>
				<string>YES</string>
				<key>GCC_WARN_UNUSED_VARIABLE</key>
				<string>YES</string>
				<key>IPHONEOS_DEPLOYMENT_TARGET</key>
				<string>10.0</string>
				<key>MTL_ENABLE_DEBUG_INFO</key>
				<string>YES</string>
				<key>ONLY_ACTIVE_ARCH</key>
				<string>YES</string>
				<key>SDKROOT</key>
				<string>iphoneos</string>
				<key>SWIFT_OPTIMIZATION_LEVEL</key>
				<string>-Onone</string>
			</dict>
			<key>isa</key>
			<string>XCBuildConfiguration</string>
			<key>name</key>
			<string>Debug</string>
		</dict>
		<key>49923F2E1CF3C4320064A124</key>
		<dict>
			<key>buildSettings</key>
			<dict>
				<key>ALWAYS_SEARCH_USER_PATHS</key>
				<string>NO</string>
				<key>CLANG_ANALYZER_NONNULL</key>
				<string>YES</string>
				<key>CLANG_CXX_LANGUAGE_STANDARD</key>
				<string>gnu++0x</string>
				<key>CLANG_CXX_LIBRARY</key>
				<string>libc++</string>
				<key>CLANG_ENABLE_MODULES</key>
				<string>YES</string>
				<key>CLANG_ENABLE_OBJC_ARC</key>
				<string>YES</string>
				<key>CLANG_WARN_BOOL_CONVERSION</key>
				<string>YES</string>
				<key>CLANG_WARN_CONSTANT_CONVERSION</key>
				<string>YES</string>
				<key>CLANG_WARN_DIRECT_OBJC_ISA_USAGE</key>
				<string>YES_ERROR</string>
				<key>CLANG_WARN_EMPTY_BODY</key>
				<string>YES</string>
				<key>CLANG_WARN_ENUM_CONVERSION</key>
				<string>YES</string>
				<key>CLANG_WARN_INFINITE_RECURSION</key>
				<string>YES</string>
				<key>CLANG_WARN_INT_CONVERSION</key>
				<string>YES</string>
				<key>CLANG_WARN_OBJC_ROOT_CLASS</key>
				<string>YES_ERROR</string>
				<key>CLANG_WARN_SUSPICIOUS_MOVE</key>
				<string>YES</string>
				<key>CLANG_WARN_UNREACHABLE_CODE</key>
				<string>YES</string>
				<key>CLANG_WARN__DUPLICATE_METHOD_MATCH</key>
				<string>YES</string>
				<key>CODE_SIGN_IDENTITY[sdk=iphoneos*]</key>
				<string>iPhone Developer</string>
				<key>COPY_PHASE_STRIP</key>
				<string>NO</string>
				<key>DEBUG_INFORMATION_FORMAT</key>
				<string>dwarf-with-dsym</string>
				<key>ENABLE_NS_ASSERTIONS</key>
				<string>NO</string>
				<key>ENABLE_STRICT_OBJC_MSGSEND</key>
				<string>YES</string>
				<key>GCC_C_LANGUAGE_STANDARD</key>
				<string>gnu99</string>
				<key>GCC_NO_COMMON_BLOCKS</key>
				<string>YES</string>
				<key>GCC_WARN_64_TO_32_BIT_CONVERSION</key>
				<string>YES</string>
				<key>GCC_WARN_ABOUT_RETURN_TYPE</key>
				<string>YES_ERROR</string>
				<key>GCC_WARN_UNDECLARED_SELECTOR</key>
				<string>YES</string>
				<key>GCC_WARN_UNINITIALIZED_AUTOS</key>
				<string>YES_AGGRESSIVE</string>
				<key>GCC_WARN_UNUSED_FUNCTION</key>
				<string>YES</string>
				<key>GCC_WARN_UNUSED_VARIABLE</key>
				<string>YES</string>
				<key>IPHONEOS_DEPLOYMENT_TARGET</key>
				<string>10.0</string>
				<key>MTL_ENABLE_DEBUG_INFO</key>
				<string>NO</string>
				<key>SDKROOT</key>
				<string>iphoneos</string>
				<key>VALIDATE_PRODUCT</key>
				<string>YES</string>
			</dict>
			<key>isa</key>
			<string>XCBuildConfiguration</string>
			<key>name</key>
			<string>Release</string>
		</dict>
		<key>49923F2F1CF3C4320064A124</key>
		<dict>
			<key>buildConfigurations</key>
			<array>
				<string>49923F301CF3C4320064A124</string>
				<string>49923F311CF3C4320064A124</string>
			</array>
			<key>defaultConfigurationIsVisible</key>
			<string>0</string>
			<key>defaultConfigurationName</key>
			<string>Release</string>
			<key>isa</key>
			<string>XCConfigurationList</string>
		</dict>
		<key>49923F301CF3C4320064A124</key>
		<dict>
			<key>baseConfigurationReference</key>
			<string>35C7B21F222B8EAA11E3961F</string>
			<key>buildSettings</key>
			<dict>
				<key>ASSETCATALOG_COMPILER_APPICON_NAME</key>
				<string>AppIcon</string>
				<key>INFOPLIST_FILE</key>
				<string>Planet Tour/Info.plist</string>
				<key>IPHONEOS_DEPLOYMENT_TARGET</key>
				<string>10.0</string>
				<key>LD_RUNPATH_SEARCH_PATHS</key>
				<string>$(inherited) @executable_path/Frameworks</string>
				<key>PRODUCT_BUNDLE_IDENTIFIER</key>
				<string>id.managam.PlanetTour</string>
				<key>PRODUCT_NAME</key>
				<string>$(TARGET_NAME)</string>
				<key>SWIFT_VERSION</key>
				<string>3.0</string>
			</dict>
			<key>isa</key>
			<string>XCBuildConfiguration</string>
			<key>name</key>
			<string>Debug</string>
		</dict>
		<key>49923F311CF3C4320064A124</key>
		<dict>
			<key>baseConfigurationReference</key>
			<string>4E82B222E7C2A532E61DB011</string>
			<key>buildSettings</key>
			<dict>
				<key>ASSETCATALOG_COMPILER_APPICON_NAME</key>
				<string>AppIcon</string>
				<key>INFOPLIST_FILE</key>
				<string>Planet Tour/Info.plist</string>
				<key>IPHONEOS_DEPLOYMENT_TARGET</key>
				<string>10.0</string>
				<key>LD_RUNPATH_SEARCH_PATHS</key>
				<string>$(inherited) @executable_path/Frameworks</string>
				<key>PRODUCT_BUNDLE_IDENTIFIER</key>
				<string>id.managam.PlanetTour</string>
				<key>PRODUCT_NAME</key>
				<string>$(TARGET_NAME)</string>
				<key>SWIFT_OPTIMIZATION_LEVEL</key>
				<string>-Owholemodule</string>
				<key>SWIFT_VERSION</key>
				<string>3.0</string>
			</dict>
			<key>isa</key>
			<string>XCBuildConfiguration</string>
			<key>name</key>
			<string>Release</string>
		</dict>
		<key>49923F321CF3C4C50064A124</key>
		<dict>
			<key>fileEncoding</key>
			<string>4</string>
			<key>isa</key>
			<string>PBXFileReference</string>
			<key>lastKnownFileType</key>
			<string>sourcecode.swift</string>
			<key>path</key>
			<string>PlanetsCollectionViewController.swift</string>
			<key>sourceTree</key>
			<string>&lt;group&gt;</string>
		</dict>
		<key>49923F331CF3C4C60064A124</key>
		<dict>
			<key>fileRef</key>
			<string>49923F321CF3C4C50064A124</string>
			<key>isa</key>
			<string>PBXBuildFile</string>
		</dict>
		<key>49923F341CF3C4DC0064A124</key>
		<dict>
			<key>children</key>
			<array>
				<string>49923F351CF3C4FD0064A124</string>
				<string>49923F371CF3C6720064A124</string>
			</array>
			<key>isa</key>
			<string>PBXGroup</string>
			<key>name</key>
			<string>Models</string>
			<key>sourceTree</key>
			<string>&lt;group&gt;</string>
		</dict>
		<key>49923F351CF3C4FD0064A124</key>
		<dict>
			<key>fileEncoding</key>
			<string>4</string>
			<key>isa</key>
			<string>PBXFileReference</string>
			<key>lastKnownFileType</key>
			<string>sourcecode.swift</string>
			<key>path</key>
			<string>Planet.swift</string>
			<key>sourceTree</key>
			<string>&lt;group&gt;</string>
		</dict>
		<key>49923F361CF3C4FD0064A124</key>
		<dict>
			<key>fileRef</key>
			<string>49923F351CF3C4FD0064A124</string>
			<key>isa</key>
			<string>PBXBuildFile</string>
		</dict>
		<key>49923F371CF3C6720064A124</key>
		<dict>
			<key>fileEncoding</key>
			<string>4</string>
			<key>isa</key>
			<string>PBXFileReference</string>
			<key>lastKnownFileType</key>
			<string>sourcecode.swift</string>
			<key>path</key>
			<string>SolarSystem.swift</string>
			<key>sourceTree</key>
			<string>&lt;group&gt;</string>
		</dict>
		<key>49923F381CF3C6720064A124</key>
		<dict>
			<key>fileRef</key>
			<string>49923F371CF3C6720064A124</string>
			<key>isa</key>
			<string>PBXBuildFile</string>
		</dict>
		<key>49923F4A1CF4BECC0064A124</key>
		<dict>
			<key>fileEncoding</key>
			<string>4</string>
			<key>isa</key>
			<string>PBXFileReference</string>
			<key>lastKnownFileType</key>
			<string>sourcecode.swift</string>
			<key>path</key>
			<string>PlanetCell.swift</string>
			<key>sourceTree</key>
			<string>&lt;group&gt;</string>
		</dict>
		<key>49923F4B1CF4BECC0064A124</key>
		<dict>
			<key>fileRef</key>
			<string>49923F4A1CF4BECC0064A124</string>
			<key>isa</key>
			<string>PBXBuildFile</string>
		</dict>
		<key>49923F4C1CF4E8710064A124</key>
		<dict>
			<key>fileEncoding</key>
			<string>4</string>
			<key>isa</key>
			<string>PBXFileReference</string>
			<key>lastKnownFileType</key>
			<string>sourcecode.swift</string>
			<key>path</key>
			<string>PlanetDetailViewController.swift</string>
			<key>sourceTree</key>
			<string>&lt;group&gt;</string>
		</dict>
		<key>49923F4D1CF4E8710064A124</key>
		<dict>
			<key>fileRef</key>
			<string>49923F4C1CF4E8710064A124</string>
			<key>isa</key>
			<string>PBXBuildFile</string>
		</dict>
		<key>499C8A271D122C0E00742186</key>
		<dict>
			<key>fileEncoding</key>
			<string>4</string>
			<key>isa</key>
			<string>PBXFileReference</string>
			<key>lastKnownFileType</key>
			<string>sourcecode.swift</string>
			<key>path</key>
			<string>MiniMap.swift</string>
			<key>sourceTree</key>
			<string>&lt;group&gt;</string>
		</dict>
		<key>499C8A281D122C0E00742186</key>
		<dict>
			<key>fileRef</key>
			<string>499C8A271D122C0E00742186</string>
			<key>isa</key>
			<string>PBXBuildFile</string>
		</dict>
		<key>49A83DD81D2E47000082ADA8</key>
		<dict>
			<key>fileEncoding</key>
			<string>4</string>
			<key>isa</key>
			<string>PBXFileReference</string>
			<key>lastKnownFileType</key>
			<string>sourcecode.swift</string>
			<key>path</key>
			<string>PlanetaryCollectionViewFlowLayout.swift</string>
			<key>sourceTree</key>
			<string>&lt;group&gt;</string>
		</dict>
		<key>49A83DD91D2E47000082ADA8</key>
		<dict>
			<key>fileRef</key>
			<string>49A83DD81D2E47000082ADA8</string>
			<key>isa</key>
			<string>PBXBuildFile</string>
		</dict>
		<key>49C83E6C1CF899FD00B80E52</key>
		<dict>
			<key>children</key>
			<array>
				<string>49C83E711CF8A51700B80E52</string>
				<string>49C83E6D1CF89A1F00B80E52</string>
				<string>495915E71D00F68300CDFD8B</string>
				<string>49A83DD81D2E47000082ADA8</string>
			</array>
			<key>isa</key>
			<string>PBXGroup</string>
			<key>name</key>
			<string>Utilities</string>
			<key>sourceTree</key>
			<string>&lt;group&gt;</string>
		</dict>
		<key>49C83E6D1CF89A1F00B80E52</key>
		<dict>
			<key>fileEncoding</key>
			<string>4</string>
			<key>isa</key>
			<string>PBXFileReference</string>
			<key>lastKnownFileType</key>
			<string>sourcecode.swift</string>
			<key>path</key>
			<string>UIColorExtension.swift</string>
			<key>sourceTree</key>
			<string>&lt;group&gt;</string>
		</dict>
		<key>49C83E6E1CF89A1F00B80E52</key>
		<dict>
			<key>fileRef</key>
			<string>49C83E6D1CF89A1F00B80E52</string>
			<key>isa</key>
			<string>PBXBuildFile</string>
		</dict>
		<key>49C83E6F1CF89A6700B80E52</key>
		<dict>
			<key>fileEncoding</key>
			<string>4</string>
			<key>isa</key>
			<string>PBXFileReference</string>
			<key>lastKnownFileType</key>
			<string>text</string>
			<key>name</key>
			<string>Credits</string>
			<key>path</key>
			<string>Planet Tour/Credits</string>
			<key>sourceTree</key>
			<string>&lt;group&gt;</string>
		</dict>
		<key>49C83E701CF89A6700B80E52</key>
		<dict>
			<key>fileRef</key>
			<string>49C83E6F1CF89A6700B80E52</string>
			<key>isa</key>
			<string>PBXBuildFile</string>
		</dict>
		<key>49C83E711CF8A51700B80E52</key>
		<dict>
			<key>fileEncoding</key>
			<string>4</string>
			<key>isa</key>
			<string>PBXFileReference</string>
			<key>lastKnownFileType</key>
			<string>sourcecode.swift</string>
			<key>path</key>
			<string>AppConstants.swift</string>
			<key>sourceTree</key>
			<string>&lt;group&gt;</string>
		</dict>
		<key>49C83E721CF8A51700B80E52</key>
		<dict>
			<key>fileRef</key>
			<string>49C83E711CF8A51700B80E52</string>
			<key>isa</key>
			<string>PBXBuildFile</string>
		</dict>
		<key>49C83E731CF8B29C00B80E52</key>
		<dict>
			<key>isa</key>
			<string>PBXFileReference</string>
			<key>lastKnownFileType</key>
			<string>folder.assetcatalog</string>
			<key>path</key>
			<string>Planets.xcassets</string>
			<key>sourceTree</key>
			<string>&lt;group&gt;</string>
		</dict>
		<key>49C83E741CF8B29C00B80E52</key>
		<dict>
			<key>fileRef</key>
			<string>49C83E731CF8B29C00B80E52</string>
			<key>isa</key>
			<string>PBXBuildFile</string>
		</dict>
		<key>49C83E751CF8B41C00B80E52</key>
		<dict>
			<key>children</key>
			<array>
				<string>49923F321CF3C4C50064A124</string>
				<string>4964806A1CF62D1C00AB23CD</string>
				<string>496480681CF62CB100AB23CD</string>
				<string>49923F4C1CF4E8710064A124</string>
				<string>497FDCC01CFE7A020016441E</string>
			</array>
			<key>isa</key>
			<string>PBXGroup</string>
			<key>name</key>
			<string>ViewControllers</string>
			<key>sourceTree</key>
			<string>&lt;group&gt;</string>
		</dict>
		<key>49C83E761CF8C00200B80E52</key>
		<dict>
			<key>children</key>
			<array>
				<string>49923F4A1CF4BECC0064A124</string>
				<string>499C8A271D122C0E00742186</string>
			</array>
			<key>isa</key>
			<string>PBXGroup</string>
			<key>name</key>
			<string>Views</string>
			<key>sourceTree</key>
			<string>&lt;group&gt;</string>
		</dict>
		<key>4E82B222E7C2A532E61DB011</key>
		<dict>
			<key>includeInIndex</key>
			<string>1</string>
			<key>isa</key>
			<string>PBXFileReference</string>
			<key>lastKnownFileType</key>
			<string>text.xcconfig</string>
			<key>name</key>
			<string>Pods-Planet Tour.release.xcconfig</string>
			<key>path</key>
			<string>Pods/Target Support Files/Pods-Planet Tour/Pods-Planet Tour.release.xcconfig</string>
			<key>sourceTree</key>
			<string>&lt;group&gt;</string>
		</dict>
		<key>54EA7265618F4817CE091DD3</key>
		<dict>
			<key>fileRef</key>
			<string>99654BB31E0B627BC9D8915D</string>
			<key>isa</key>
			<string>PBXBuildFile</string>
		</dict>
		<key>5BB205151E0A38B0003C1033</key>
		<dict>
			<key>fileEncoding</key>
			<string>4</string>
			<key>isa</key>
			<string>PBXFileReference</string>
			<key>lastKnownFileType</key>
			<string>text.plist.xml</string>
			<key>path</key>
			<string>GoogleService-Info.plist</string>
			<key>sourceTree</key>
			<string>&lt;group&gt;</string>
		</dict>
		<key>5BB205161E0A38B0003C1033</key>
		<dict>
			<key>fileRef</key>
			<string>5BB205151E0A38B0003C1033</string>
			<key>isa</key>
			<string>PBXBuildFile</string>
		</dict>
		<key>99654BB31E0B627BC9D8915D</key>
		<dict>
			<key>explicitFileType</key>
			<string>wrapper.framework</string>
			<key>includeInIndex</key>
			<string>0</string>
			<key>isa</key>
			<string>PBXFileReference</string>
			<key>path</key>
			<string>Pods_Planet_Tour.framework</string>
			<key>sourceTree</key>
			<string>BUILT_PRODUCTS_DIR</string>
		</dict>
		<key>D2C09EBBD91832CDCC869E43</key>
		<dict>
			<key>buildActionMask</key>
			<string>2147483647</string>
			<key>files</key>
			<array/>
			<key>inputPaths</key>
			<array/>
			<key>isa</key>
			<string>PBXShellScriptBuildPhase</string>
			<key>name</key>
			<string>&#128230; Copy Pods Resources</string>
			<key>outputPaths</key>
			<array/>
			<key>runOnlyForDeploymentPostprocessing</key>
			<string>0</string>
			<key>shellPath</key>
			<string>/bin/sh</string>
			<key>shellScript</key>
			<string>"${SRCROOT}/Pods/Target Support Files/Pods-Planet Tour/Pods-Planet Tour-resources.sh"
</string>
			<key>showEnvVarsInLog</key>
			<string>0</string>
		</dict>
		<key>D69A81460E4603443DE65FF9</key>
		<dict>
			<key>children</key>
			<array>
				<string>35C7B21F222B8EAA11E3961F</string>
				<string>4E82B222E7C2A532E61DB011</string>
			</array>
			<key>isa</key>
			<string>PBXGroup</string>
			<key>name</key>
			<string>Pods</string>
			<key>sourceTree</key>
			<string>&lt;group&gt;</string>
		</dict>
		<key>D90ABCBB611916B1714912DF</key>
		<dict>
			<key>buildActionMask</key>
			<string>2147483647</string>
			<key>files</key>
			<array/>
			<key>inputPaths</key>
			<array/>
			<key>isa</key>
			<string>PBXShellScriptBuildPhase</string>
			<key>name</key>
			<string>&#128230; Check Pods Manifest.lock</string>
			<key>outputPaths</key>
			<array/>
			<key>runOnlyForDeploymentPostprocessing</key>
			<string>0</string>
			<key>shellPath</key>
			<string>/bin/sh</string>
			<key>shellScript</key>
			<string>diff "${PODS_ROOT}/../Podfile.lock" "${PODS_ROOT}/Manifest.lock" &gt; /dev/null
if [[ $? != 0 ]] ; then
    cat &lt;&lt; EOM
error: The sandbox is not in sync with the Podfile.lock. Run 'pod install' or update your CocoaPods installation.
EOM
    exit 1
fi
</string>
			<key>showEnvVarsInLog</key>
			<string>0</string>
		</dict>
		<key>DE933BF76DD0651EAC2D314D</key>
		<dict>
			<key>buildActionMask</key>
			<string>2147483647</string>
			<key>files</key>
			<array/>
			<key>inputPaths</key>
			<array/>
			<key>isa</key>
			<string>PBXShellScriptBuildPhase</string>
			<key>name</key>
			<string>&#128230; Embed Pods Frameworks</string>
			<key>outputPaths</key>
			<array/>
			<key>runOnlyForDeploymentPostprocessing</key>
			<string>0</string>
			<key>shellPath</key>
			<string>/bin/sh</string>
			<key>shellScript</key>
			<string>"${SRCROOT}/Pods/Target Support Files/Pods-Planet Tour/Pods-Planet Tour-frameworks.sh"
</string>
			<key>showEnvVarsInLog</key>
			<string>0</string>
		</dict>
	</dict>
	<key>rootObject</key>
	<string>49923F151CF3C4310064A124</string>
</dict>
</plist>
